
Microsoft Visual Studio Solution File, Format Version 12.00
# Visual Studio Version 17
VisualStudioVersion = 17.3.32929.385
MinimumVisualStudioVersion = 10.0.40219.1
Project("{FAE04EC0-301F-11D3-BF4B-00C04F79EFBC}") = "Service", "Service\Service.csproj", "{8808C6AD-2CE5-42B6-B157-BFECC90109CA}"
EndProject
Project("{FAE04EC0-301F-11D3-BF4B-00C04F79EFBC}") = "API", "API\API.csproj", "{B5180A71-D602-48E7-98A7-5D94A1370B17}"
EndProject
Global
	GlobalSection(SolutionConfigurationPlatforms) = preSolution
		Debug|Any CPU = Debug|Any CPU
		Release|Any CPU = Release|Any CPU
	EndGlobalSection
	GlobalSection(ProjectConfigurationPlatforms) = postSolution
		{8808C6AD-2CE5-42B6-B157-BFECC90109CA}.Debug|Any CPU.ActiveCfg = Debug|Any CPU
		{8808C6AD-2CE5-42B6-B157-BFECC90109CA}.Debug|Any CPU.Build.0 = Debug|Any CPU
		{8808C6AD-2CE5-42B6-B157-BFECC90109CA}.Release|Any CPU.ActiveCfg = Release|Any CPU
		{8808C6AD-2CE5-42B6-B157-BFECC90109CA}.Release|Any CPU.Build.0 = Release|Any CPU
		{B5180A71-D602-48E7-98A7-5D94A1370B17}.Debug|Any CPU.ActiveCfg = Debug|Any CPU
		{B5180A71-D602-48E7-98A7-5D94A1370B17}.Debug|Any CPU.Build.0 = Debug|Any CPU
		{B5180A71-D602-48E7-98A7-5D94A1370B17}.Release|Any CPU.ActiveCfg = Release|Any CPU
		{B5180A71-D602-48E7-98A7-5D94A1370B17}.Release|Any CPU.Build.0 = Release|Any CPU
	EndGlobalSection
	GlobalSection(SolutionProperties) = preSolution
		HideSolutionNode = FALSE
	EndGlobalSection
	GlobalSection(ExtensibilityGlobals) = postSolution
		SolutionGuid = {C6692562-45E0-4AF3-A70F-A9CD5CE50DC4}
	EndGlobalSection
EndGlobal
